
Microsoft Visual Studio Solution File, Format Version 12.00
# Visual Studio 15
VisualStudioVersion = 15.0.26403.0
MinimumVisualStudioVersion = 10.0.40219.1
Project("{FAE04EC0-301F-11D3-BF4B-00C04F79EFBC}") = "AODamageMeter.UI", "AODamageMeter.UI\AODamageMeter.UI.csproj", "{0DA22B8F-9C0C-4C13-B3BD-C19B388D89E4}"
EndProject
Project("{FAE04EC0-301F-11D3-BF4B-00C04F79EFBC}") = "AODamageMeter", "AODamageMeter\AODamageMeter.csproj", "{D55D5DAF-E8CC-4F4E-A30F-D1358F89D934}"
EndProject
Project("{FAE04EC0-301F-11D3-BF4B-00C04F79EFBC}") = "AODamageMeter.AmbiguityHelper", "AODamageMeter.AmbiguityHelper\AODamageMeter.AmbiguityHelper.csproj", "{B96CDD76-F4EB-4AEF-8E75-9E68D95B1A35}"
EndProject
Global
	GlobalSection(SolutionConfigurationPlatforms) = preSolution
		Debug|Any CPU = Debug|Any CPU
		Release|Any CPU = Release|Any CPU
	EndGlobalSection
	GlobalSection(ProjectConfigurationPlatforms) = postSolution
		{0DA22B8F-9C0C-4C13-B3BD-C19B388D89E4}.Debug|Any CPU.ActiveCfg = Debug|Any CPU
		{0DA22B8F-9C0C-4C13-B3BD-C19B388D89E4}.Debug|Any CPU.Build.0 = Debug|Any CPU
		{0DA22B8F-9C0C-4C13-B3BD-C19B388D89E4}.Release|Any CPU.ActiveCfg = Release|Any CPU
		{0DA22B8F-9C0C-4C13-B3BD-C19B388D89E4}.Release|Any CPU.Build.0 = Release|Any CPU
		{D55D5DAF-E8CC-4F4E-A30F-D1358F89D934}.Debug|Any CPU.ActiveCfg = Debug|Any CPU
		{D55D5DAF-E8CC-4F4E-A30F-D1358F89D934}.Debug|Any CPU.Build.0 = Debug|Any CPU
		{D55D5DAF-E8CC-4F4E-A30F-D1358F89D934}.Release|Any CPU.ActiveCfg = Release|Any CPU
		{D55D5DAF-E8CC-4F4E-A30F-D1358F89D934}.Release|Any CPU.Build.0 = Release|Any CPU
		{B96CDD76-F4EB-4AEF-8E75-9E68D95B1A35}.Debug|Any CPU.ActiveCfg = Debug|Any CPU
		{B96CDD76-F4EB-4AEF-8E75-9E68D95B1A35}.Debug|Any CPU.Build.0 = Debug|Any CPU
		{B96CDD76-F4EB-4AEF-8E75-9E68D95B1A35}.Release|Any CPU.ActiveCfg = Release|Any CPU
		{B96CDD76-F4EB-4AEF-8E75-9E68D95B1A35}.Release|Any CPU.Build.0 = Release|Any CPU
	EndGlobalSection
	GlobalSection(SolutionProperties) = preSolution
		HideSolutionNode = FALSE
	EndGlobalSection
EndGlobal
